
Microsoft Visual Studio Solution File, Format Version 12.00
# Visual Studio 15
VisualStudioVersion = 15.0.27004.2008
MinimumVisualStudioVersion = 10.0.40219.1
Project("{FAE04EC0-301F-11D3-BF4B-00C04F79EFBC}") = "WPF_TreeView", "WPF_TreeView\WPF_TreeView.csproj", "{8430214E-22D6-457F-A348-D1255D45D055}"
EndProject
Global
	GlobalSection(SolutionConfigurationPlatforms) = preSolution
		Debug|Any CPU = Debug|Any CPU
		Release|Any CPU = Release|Any CPU
	EndGlobalSection
	GlobalSection(ProjectConfigurationPlatforms) = postSolution
		{8430214E-22D6-457F-A348-D1255D45D055}.Debug|Any CPU.ActiveCfg = Debug|Any CPU
		{8430214E-22D6-457F-A348-D1255D45D055}.Debug|Any CPU.Build.0 = Debug|Any CPU
		{8430214E-22D6-457F-A348-D1255D45D055}.Release|Any CPU.ActiveCfg = Release|Any CPU
		{8430214E-22D6-457F-A348-D1255D45D055}.Release|Any CPU.Build.0 = Release|Any CPU
	EndGlobalSection
	GlobalSection(SolutionProperties) = preSolution
		HideSolutionNode = FALSE
	EndGlobalSection
	GlobalSection(ExtensibilityGlobals) = postSolution
		SolutionGuid = {A44C30BA-AD8F-4985-942A-35B74C295A1E}
	EndGlobalSection
EndGlobal
